
Microsoft Visual Studio Solution File, Format Version 12.00
# Visual Studio Version 17
VisualStudioVersion = 17.6.33829.357
MinimumVisualStudioVersion = 10.0.40219.1
Project("{FAE04EC0-301F-11D3-BF4B-00C04F79EFBC}") = "Katte20230729", "Katte20230729\Katte20230729.csproj", "{2917DA68-2DC8-449D-B41D-BAEA346CAAD8}"
EndProject
Global
	GlobalSection(SolutionConfigurationPlatforms) = preSolution
		Debug|Any CPU = Debug|Any CPU
		Release|Any CPU = Release|Any CPU
	EndGlobalSection
	GlobalSection(ProjectConfigurationPlatforms) = postSolution
		{2917DA68-2DC8-449D-B41D-BAEA346CAAD8}.Debug|Any CPU.ActiveCfg = Debug|Any CPU
		{2917DA68-2DC8-449D-B41D-BAEA346CAAD8}.Debug|Any CPU.Build.0 = Debug|Any CPU
		{2917DA68-2DC8-449D-B41D-BAEA346CAAD8}.Release|Any CPU.ActiveCfg = Release|Any CPU
		{2917DA68-2DC8-449D-B41D-BAEA346CAAD8}.Release|Any CPU.Build.0 = Release|Any CPU
	EndGlobalSection
	GlobalSection(SolutionProperties) = preSolution
		HideSolutionNode = FALSE
	EndGlobalSection
	GlobalSection(ExtensibilityGlobals) = postSolution
		SolutionGuid = {37FF0E46-75FD-452A-A02C-37A4003AF091}
	EndGlobalSection
EndGlobal
